
Microsoft Visual Studio Solution File, Format Version 12.00
Project("{FAE04EC0-301F-11D3-BF4B-00C04F79EFBC}") = "HelloSoftUni", "HelloSoftUni\HelloSoftUni.csproj", "{531DB45E-99D4-435C-B097-D52B23177AA0}"
EndProject
Project("{FAE04EC0-301F-11D3-BF4B-00C04F79EFBC}") = "Numbers1To10", "Numbers1To10\Numbers1To10.csproj", "{17E42AA8-ABAB-400B-A63A-B27B1B1E0EB1}"
EndProject
Project("{FAE04EC0-301F-11D3-BF4B-00C04F79EFBC}") = "RectangularArea", "RectangularArea\RectangularArea.csproj", "{9FD52D6A-B3EB-4B8D-BA1D-38FDFB2562D3}"
EndProject
Project("{FAE04EC0-301F-11D3-BF4B-00C04F79EFBC}") = "InchesToCM", "InchesToCM\InchesToCM.csproj", "{08C8E24D-DE79-4B2B-B46C-9F70A3AF7145}"
EndProject
Project("{FAE04EC0-301F-11D3-BF4B-00C04F79EFBC}") = "GreetingByName", "GreetingByName\GreetingByName.csproj", "{5F2F7D3A-2C8E-4DB8-A8DB-0A49D9636896}"
EndProject
Project("{FAE04EC0-301F-11D3-BF4B-00C04F79EFBC}") = "ConcatenateData", "ConcatenateData\ConcatenateData.csproj", "{A4A5DC32-C743-404B-9A00-7B3E8C7EFFA9}"
EndProject
Project("{FAE04EC0-301F-11D3-BF4B-00C04F79EFBC}") = "ProjectCreation", "ProjectCreation\ProjectCreation.csproj", "{E44E1AE4-A909-45B6-B921-D83FDCF59BB2}"
EndProject
Project("{FAE04EC0-301F-11D3-BF4B-00C04F79EFBC}") = "PetShop", "PetShop\PetShop.csproj", "{3BC3C1A7-7AA4-4E3D-9BDB-BA5C393D47E9}"
EndProject
Project("{FAE04EC0-301F-11D3-BF4B-00C04F79EFBC}") = "YardGreening", "YardGreening\YardGreening.csproj", "{2B835895-188B-4D34-9EFF-FE1D2492FE21}"
EndProject
Project("{2150E333-8FDC-42A3-9474-1A3956D46DE8}") = "FirstStepsInCoding-Exercise", "FirstStepsInCoding-Exercise", "{0A0FDDB9-9B58-4EC7-A41B-5A48A5120058}"
EndProject
Project("{2150E333-8FDC-42A3-9474-1A3956D46DE8}") = "FirstStepsInCoding-Lab.sln", "FirstStepsInCoding-Lab.sln", "{67E29B5C-1852-40DD-AA5E-BA28F78817F2}"
EndProject
Project("{FAE04EC0-301F-11D3-BF4B-00C04F79EFBC}") = "USDtoBGN", "USDtoBGN\USDtoBGN.csproj", "{78AFFEE1-6DFE-480C-ADE9-903CFDD12E4C}"
EndProject
Project("{FAE04EC0-301F-11D3-BF4B-00C04F79EFBC}") = "RadiantsToDegree", "RadiantsToDegree\RadiantsToDegree.csproj", "{9A418149-A8C2-4360-B059-7E71F20B4091}"
EndProject
Project("{FAE04EC0-301F-11D3-BF4B-00C04F79EFBC}") = "CalculatorDeposit", "CalculatorDeposit\CalculatorDeposit.csproj", "{E460BF94-55AD-4EA1-A7BE-6B20A346B106}"
EndProject
Project("{FAE04EC0-301F-11D3-BF4B-00C04F79EFBC}") = "VacationBookList", "VacationBookList\VacationBookList.csproj", "{99F9E45F-61CB-43A2-AC78-0BA047EFC56E}"
EndProject
Project("{FAE04EC0-301F-11D3-BF4B-00C04F79EFBC}") = "SuppliesForSchool", "SuppliesForSchool\SuppliesForSchool.csproj", "{5B43F87F-1004-4826-860E-43C3E39B7034}"
EndProject
Project("{FAE04EC0-301F-11D3-BF4B-00C04F79EFBC}") = "Repainting", "Repainting\Repainting.csproj", "{3AD0DB74-2939-47F9-8E94-88E635890747}"
EndProject
Project("{FAE04EC0-301F-11D3-BF4B-00C04F79EFBC}") = "FoodDelivery", "FoodDelivery\FoodDelivery.csproj", "{4122F871-1581-40B6-904F-EBFDCBC683C0}"
EndProject
Project("{FAE04EC0-301F-11D3-BF4B-00C04F79EFBC}") = "BasketballGear", "BasketballGear\BasketballGear.csproj", "{ADEBBF31-FFD4-479E-933D-02A2E91D990B}"
EndProject
Project("{FAE04EC0-301F-11D3-BF4B-00C04F79EFBC}") = "Aquarium", "Aquarium\Aquarium.csproj", "{0E034A2F-05A9-49C9-A91F-229BCA17E0AA}"
EndProject
Global
	GlobalSection(SolutionConfigurationPlatforms) = preSolution
		Debug|Any CPU = Debug|Any CPU
		Release|Any CPU = Release|Any CPU
	EndGlobalSection
	GlobalSection(ProjectConfigurationPlatforms) = postSolution
		{531DB45E-99D4-435C-B097-D52B23177AA0}.Debug|Any CPU.ActiveCfg = Debug|Any CPU
		{531DB45E-99D4-435C-B097-D52B23177AA0}.Debug|Any CPU.Build.0 = Debug|Any CPU
		{531DB45E-99D4-435C-B097-D52B23177AA0}.Release|Any CPU.ActiveCfg = Release|Any CPU
		{531DB45E-99D4-435C-B097-D52B23177AA0}.Release|Any CPU.Build.0 = Release|Any CPU
		{17E42AA8-ABAB-400B-A63A-B27B1B1E0EB1}.Debug|Any CPU.ActiveCfg = Debug|Any CPU
		{17E42AA8-ABAB-400B-A63A-B27B1B1E0EB1}.Debug|Any CPU.Build.0 = Debug|Any CPU
		{17E42AA8-ABAB-400B-A63A-B27B1B1E0EB1}.Release|Any CPU.ActiveCfg = Release|Any CPU
		{17E42AA8-ABAB-400B-A63A-B27B1B1E0EB1}.Release|Any CPU.Build.0 = Release|Any CPU
		{9FD52D6A-B3EB-4B8D-BA1D-38FDFB2562D3}.Debug|Any CPU.ActiveCfg = Debug|Any CPU
		{9FD52D6A-B3EB-4B8D-BA1D-38FDFB2562D3}.Debug|Any CPU.Build.0 = Debug|Any CPU
		{9FD52D6A-B3EB-4B8D-BA1D-38FDFB2562D3}.Release|Any CPU.ActiveCfg = Release|Any CPU
		{9FD52D6A-B3EB-4B8D-BA1D-38FDFB2562D3}.Release|Any CPU.Build.0 = Release|Any CPU
		{08C8E24D-DE79-4B2B-B46C-9F70A3AF7145}.Debug|Any CPU.ActiveCfg = Debug|Any CPU
		{08C8E24D-DE79-4B2B-B46C-9F70A3AF7145}.Debug|Any CPU.Build.0 = Debug|Any CPU
		{08C8E24D-DE79-4B2B-B46C-9F70A3AF7145}.Release|Any CPU.ActiveCfg = Release|Any CPU
		{08C8E24D-DE79-4B2B-B46C-9F70A3AF7145}.Release|Any CPU.Build.0 = Release|Any CPU
		{5F2F7D3A-2C8E-4DB8-A8DB-0A49D9636896}.Debug|Any CPU.ActiveCfg = Debug|Any CPU
		{5F2F7D3A-2C8E-4DB8-A8DB-0A49D9636896}.Debug|Any CPU.Build.0 = Debug|Any CPU
		{5F2F7D3A-2C8E-4DB8-A8DB-0A49D9636896}.Release|Any CPU.ActiveCfg = Release|Any CPU
		{5F2F7D3A-2C8E-4DB8-A8DB-0A49D9636896}.Release|Any CPU.Build.0 = Release|Any CPU
		{A4A5DC32-C743-404B-9A00-7B3E8C7EFFA9}.Debug|Any CPU.ActiveCfg = Debug|Any CPU
		{A4A5DC32-C743-404B-9A00-7B3E8C7EFFA9}.Debug|Any CPU.Build.0 = Debug|Any CPU
		{A4A5DC32-C743-404B-9A00-7B3E8C7EFFA9}.Release|Any CPU.ActiveCfg = Release|Any CPU
		{A4A5DC32-C743-404B-9A00-7B3E8C7EFFA9}.Release|Any CPU.Build.0 = Release|Any CPU
		{E44E1AE4-A909-45B6-B921-D83FDCF59BB2}.Debug|Any CPU.ActiveCfg = Debug|Any CPU
		{E44E1AE4-A909-45B6-B921-D83FDCF59BB2}.Debug|Any CPU.Build.0 = Debug|Any CPU
		{E44E1AE4-A909-45B6-B921-D83FDCF59BB2}.Release|Any CPU.ActiveCfg = Release|Any CPU
		{E44E1AE4-A909-45B6-B921-D83FDCF59BB2}.Release|Any CPU.Build.0 = Release|Any CPU
		{3BC3C1A7-7AA4-4E3D-9BDB-BA5C393D47E9}.Debug|Any CPU.ActiveCfg = Debug|Any CPU
		{3BC3C1A7-7AA4-4E3D-9BDB-BA5C393D47E9}.Debug|Any CPU.Build.0 = Debug|Any CPU
		{3BC3C1A7-7AA4-4E3D-9BDB-BA5C393D47E9}.Release|Any CPU.ActiveCfg = Release|Any CPU
		{3BC3C1A7-7AA4-4E3D-9BDB-BA5C393D47E9}.Release|Any CPU.Build.0 = Release|Any CPU
		{2B835895-188B-4D34-9EFF-FE1D2492FE21}.Debug|Any CPU.ActiveCfg = Debug|Any CPU
		{2B835895-188B-4D34-9EFF-FE1D2492FE21}.Debug|Any CPU.Build.0 = Debug|Any CPU
		{2B835895-188B-4D34-9EFF-FE1D2492FE21}.Release|Any CPU.ActiveCfg = Release|Any CPU
		{2B835895-188B-4D34-9EFF-FE1D2492FE21}.Release|Any CPU.Build.0 = Release|Any CPU
		{78AFFEE1-6DFE-480C-ADE9-903CFDD12E4C}.Debug|Any CPU.ActiveCfg = Debug|Any CPU
		{78AFFEE1-6DFE-480C-ADE9-903CFDD12E4C}.Debug|Any CPU.Build.0 = Debug|Any CPU
		{78AFFEE1-6DFE-480C-ADE9-903CFDD12E4C}.Release|Any CPU.ActiveCfg = Release|Any CPU
		{78AFFEE1-6DFE-480C-ADE9-903CFDD12E4C}.Release|Any CPU.Build.0 = Release|Any CPU
		{9A418149-A8C2-4360-B059-7E71F20B4091}.Debug|Any CPU.ActiveCfg = Debug|Any CPU
		{9A418149-A8C2-4360-B059-7E71F20B4091}.Debug|Any CPU.Build.0 = Debug|Any CPU
		{9A418149-A8C2-4360-B059-7E71F20B4091}.Release|Any CPU.ActiveCfg = Release|Any CPU
		{9A418149-A8C2-4360-B059-7E71F20B4091}.Release|Any CPU.Build.0 = Release|Any CPU
		{E460BF94-55AD-4EA1-A7BE-6B20A346B106}.Debug|Any CPU.ActiveCfg = Debug|Any CPU
		{E460BF94-55AD-4EA1-A7BE-6B20A346B106}.Debug|Any CPU.Build.0 = Debug|Any CPU
		{E460BF94-55AD-4EA1-A7BE-6B20A346B106}.Release|Any CPU.ActiveCfg = Release|Any CPU
		{E460BF94-55AD-4EA1-A7BE-6B20A346B106}.Release|Any CPU.Build.0 = Release|Any CPU
		{99F9E45F-61CB-43A2-AC78-0BA047EFC56E}.Debug|Any CPU.ActiveCfg = Debug|Any CPU
		{99F9E45F-61CB-43A2-AC78-0BA047EFC56E}.Debug|Any CPU.Build.0 = Debug|Any CPU
		{99F9E45F-61CB-43A2-AC78-0BA047EFC56E}.Release|Any CPU.ActiveCfg = Release|Any CPU
		{99F9E45F-61CB-43A2-AC78-0BA047EFC56E}.Release|Any CPU.Build.0 = Release|Any CPU
		{5B43F87F-1004-4826-860E-43C3E39B7034}.Debug|Any CPU.ActiveCfg = Debug|Any CPU
		{5B43F87F-1004-4826-860E-43C3E39B7034}.Debug|Any CPU.Build.0 = Debug|Any CPU
		{5B43F87F-1004-4826-860E-43C3E39B7034}.Release|Any CPU.ActiveCfg = Release|Any CPU
		{5B43F87F-1004-4826-860E-43C3E39B7034}.Release|Any CPU.Build.0 = Release|Any CPU
		{3AD0DB74-2939-47F9-8E94-88E635890747}.Debug|Any CPU.ActiveCfg = Debug|Any CPU
		{3AD0DB74-2939-47F9-8E94-88E635890747}.Debug|Any CPU.Build.0 = Debug|Any CPU
		{3AD0DB74-2939-47F9-8E94-88E635890747}.Release|Any CPU.ActiveCfg = Release|Any CPU
		{3AD0DB74-2939-47F9-8E94-88E635890747}.Release|Any CPU.Build.0 = Release|Any CPU
		{4122F871-1581-40B6-904F-EBFDCBC683C0}.Debug|Any CPU.ActiveCfg = Debug|Any CPU
		{4122F871-1581-40B6-904F-EBFDCBC683C0}.Debug|Any CPU.Build.0 = Debug|Any CPU
		{4122F871-1581-40B6-904F-EBFDCBC683C0}.Release|Any CPU.ActiveCfg = Release|Any CPU
		{4122F871-1581-40B6-904F-EBFDCBC683C0}.Release|Any CPU.Build.0 = Release|Any CPU
		{ADEBBF31-FFD4-479E-933D-02A2E91D990B}.Debug|Any CPU.ActiveCfg = Debug|Any CPU
		{ADEBBF31-FFD4-479E-933D-02A2E91D990B}.Debug|Any CPU.Build.0 = Debug|Any CPU
		{ADEBBF31-FFD4-479E-933D-02A2E91D990B}.Release|Any CPU.ActiveCfg = Release|Any CPU
		{ADEBBF31-FFD4-479E-933D-02A2E91D990B}.Release|Any CPU.Build.0 = Release|Any CPU
		{0E034A2F-05A9-49C9-A91F-229BCA17E0AA}.Debug|Any CPU.ActiveCfg = Debug|Any CPU
		{0E034A2F-05A9-49C9-A91F-229BCA17E0AA}.Debug|Any CPU.Build.0 = Debug|Any CPU
		{0E034A2F-05A9-49C9-A91F-229BCA17E0AA}.Release|Any CPU.ActiveCfg = Release|Any CPU
		{0E034A2F-05A9-49C9-A91F-229BCA17E0AA}.Release|Any CPU.Build.0 = Release|Any CPU
	EndGlobalSection
	GlobalSection(NestedProjects) = preSolution
		{A4A5DC32-C743-404B-9A00-7B3E8C7EFFA9} = {67E29B5C-1852-40DD-AA5E-BA28F78817F2}
		{5F2F7D3A-2C8E-4DB8-A8DB-0A49D9636896} = {67E29B5C-1852-40DD-AA5E-BA28F78817F2}
		{531DB45E-99D4-435C-B097-D52B23177AA0} = {67E29B5C-1852-40DD-AA5E-BA28F78817F2}
		{08C8E24D-DE79-4B2B-B46C-9F70A3AF7145} = {67E29B5C-1852-40DD-AA5E-BA28F78817F2}
		{17E42AA8-ABAB-400B-A63A-B27B1B1E0EB1} = {67E29B5C-1852-40DD-AA5E-BA28F78817F2}
		{3BC3C1A7-7AA4-4E3D-9BDB-BA5C393D47E9} = {67E29B5C-1852-40DD-AA5E-BA28F78817F2}
		{E44E1AE4-A909-45B6-B921-D83FDCF59BB2} = {67E29B5C-1852-40DD-AA5E-BA28F78817F2}
		{9FD52D6A-B3EB-4B8D-BA1D-38FDFB2562D3} = {67E29B5C-1852-40DD-AA5E-BA28F78817F2}
		{2B835895-188B-4D34-9EFF-FE1D2492FE21} = {67E29B5C-1852-40DD-AA5E-BA28F78817F2}
		{78AFFEE1-6DFE-480C-ADE9-903CFDD12E4C} = {0A0FDDB9-9B58-4EC7-A41B-5A48A5120058}
		{9A418149-A8C2-4360-B059-7E71F20B4091} = {0A0FDDB9-9B58-4EC7-A41B-5A48A5120058}
		{E460BF94-55AD-4EA1-A7BE-6B20A346B106} = {0A0FDDB9-9B58-4EC7-A41B-5A48A5120058}
		{99F9E45F-61CB-43A2-AC78-0BA047EFC56E} = {0A0FDDB9-9B58-4EC7-A41B-5A48A5120058}
		{5B43F87F-1004-4826-860E-43C3E39B7034} = {0A0FDDB9-9B58-4EC7-A41B-5A48A5120058}
		{3AD0DB74-2939-47F9-8E94-88E635890747} = {0A0FDDB9-9B58-4EC7-A41B-5A48A5120058}
		{4122F871-1581-40B6-904F-EBFDCBC683C0} = {0A0FDDB9-9B58-4EC7-A41B-5A48A5120058}
		{ADEBBF31-FFD4-479E-933D-02A2E91D990B} = {0A0FDDB9-9B58-4EC7-A41B-5A48A5120058}
		{0E034A2F-05A9-49C9-A91F-229BCA17E0AA} = {0A0FDDB9-9B58-4EC7-A41B-5A48A5120058}
	EndGlobalSection
EndGlobal
